
Microsoft Visual Studio Solution File, Format Version 12.00
# Visual Studio 2012
Project("{9092AA53-FB77-4645-B42D-1CCCA6BD08BD}") = "AngularJS", "AngularJS\AngularJS.njsproj", "{15F6CD2F-21EE-42B8-AC18-9B32C1635C96}"
EndProject
Global
	GlobalSection(SolutionConfigurationPlatforms) = preSolution
		Debug|Any CPU = Debug|Any CPU
		Release|Any CPU = Release|Any CPU
	EndGlobalSection
	GlobalSection(ProjectConfigurationPlatforms) = postSolution
		{15F6CD2F-21EE-42B8-AC18-9B32C1635C96}.Debug|Any CPU.ActiveCfg = Debug|Any CPU
		{15F6CD2F-21EE-42B8-AC18-9B32C1635C96}.Debug|Any CPU.Build.0 = Debug|Any CPU
		{15F6CD2F-21EE-42B8-AC18-9B32C1635C96}.Release|Any CPU.ActiveCfg = Release|Any CPU
		{15F6CD2F-21EE-42B8-AC18-9B32C1635C96}.Release|Any CPU.Build.0 = Release|Any CPU
	EndGlobalSection
	GlobalSection(SolutionProperties) = preSolution
		HideSolutionNode = FALSE
	EndGlobalSection
EndGlobal
